
Microsoft Visual Studio Solution File, Format Version 12.00
# Visual Studio Version 17
VisualStudioVersion = 17.9.34701.34
MinimumVisualStudioVersion = 10.0.40219.1
Project("{8BC9CEB8-8B4A-11D0-8D11-00A0C91BC942}") = "ParadigmaOOp2_0205", "ParadigmaOOp2_0205\ParadigmaOOp2_0205.vcxproj", "{D924BC6F-01CC-404A-BFB6-A0B9B773C9E5}"
EndProject
Project("{8BC9CEB8-8B4A-11D0-8D11-00A0C91BC942}") = "polimorpi.cpp", "polimorpi.cpp\polimorpi.cpp.vcxproj", "{0DFC6FB1-1E5F-4921-A4B2-295A46227E08}"
EndProject
Project("{8BC9CEB8-8B4A-11D0-8D11-00A0C91BC942}") = "Multiwaris", "Multiwaris\Multiwaris.vcxproj", "{B8DAF361-DC87-4F03-BC74-773F51A6E840}"
EndProject
Project("{8BC9CEB8-8B4A-11D0-8D11-00A0C91BC942}") = "noPewarisan", "noPewarisan\noPewarisan.vcxproj", "{F8308A94-483D-42D3-987B-25B864A01848}"
EndProject
Project("{8BC9CEB8-8B4A-11D0-8D11-00A0C91BC942}") = "noOverrading", "noOverrading\noOverrading.vcxproj", "{9B22716C-9B5D-400B-A8D6-2465281C6670}"
EndProject
Project("{8BC9CEB8-8B4A-11D0-8D11-00A0C91BC942}") = "Enkapsulasi", "Enkapsulasi\Enkapsulasi.vcxproj", "{196B0E6E-849A-4DDF-868A-897E2BF7815B}"
EndProject
Project("{8BC9CEB8-8B4A-11D0-8D11-00A0C91BC942}") = "Abtrasksi", "Abtrasksi\Abtrasksi.vcxproj", "{CC38D3FC-44AF-4FC1-A090-02CB1CE0C71E}"
EndProject
Global
	GlobalSection(SolutionConfigurationPlatforms) = preSolution
		Debug|x64 = Debug|x64
		Debug|x86 = Debug|x86
		Release|x64 = Release|x64
		Release|x86 = Release|x86
	EndGlobalSection
	GlobalSection(ProjectConfigurationPlatforms) = postSolution
		{D924BC6F-01CC-404A-BFB6-A0B9B773C9E5}.Debug|x64.ActiveCfg = Debug|x64
		{D924BC6F-01CC-404A-BFB6-A0B9B773C9E5}.Debug|x64.Build.0 = Debug|x64
		{D924BC6F-01CC-404A-BFB6-A0B9B773C9E5}.Debug|x86.ActiveCfg = Debug|Win32
		{D924BC6F-01CC-404A-BFB6-A0B9B773C9E5}.Debug|x86.Build.0 = Debug|Win32
		{D924BC6F-01CC-404A-BFB6-A0B9B773C9E5}.Release|x64.ActiveCfg = Release|x64
		{D924BC6F-01CC-404A-BFB6-A0B9B773C9E5}.Release|x64.Build.0 = Release|x64
		{D924BC6F-01CC-404A-BFB6-A0B9B773C9E5}.Release|x86.ActiveCfg = Release|Win32
		{D924BC6F-01CC-404A-BFB6-A0B9B773C9E5}.Release|x86.Build.0 = Release|Win32
		{0DFC6FB1-1E5F-4921-A4B2-295A46227E08}.Debug|x64.ActiveCfg = Debug|x64
		{0DFC6FB1-1E5F-4921-A4B2-295A46227E08}.Debug|x64.Build.0 = Debug|x64
		{0DFC6FB1-1E5F-4921-A4B2-295A46227E08}.Debug|x86.ActiveCfg = Debug|Win32
		{0DFC6FB1-1E5F-4921-A4B2-295A46227E08}.Debug|x86.Build.0 = Debug|Win32
		{0DFC6FB1-1E5F-4921-A4B2-295A46227E08}.Release|x64.ActiveCfg = Release|x64
		{0DFC6FB1-1E5F-4921-A4B2-295A46227E08}.Release|x64.Build.0 = Release|x64
		{0DFC6FB1-1E5F-4921-A4B2-295A46227E08}.Release|x86.ActiveCfg = Release|Win32
		{0DFC6FB1-1E5F-4921-A4B2-295A46227E08}.Release|x86.Build.0 = Release|Win32
		{B8DAF361-DC87-4F03-BC74-773F51A6E840}.Debug|x64.ActiveCfg = Debug|x64
		{B8DAF361-DC87-4F03-BC74-773F51A6E840}.Debug|x64.Build.0 = Debug|x64
		{B8DAF361-DC87-4F03-BC74-773F51A6E840}.Debug|x86.ActiveCfg = Debug|Win32
		{B8DAF361-DC87-4F03-BC74-773F51A6E840}.Debug|x86.Build.0 = Debug|Win32
		{B8DAF361-DC87-4F03-BC74-773F51A6E840}.Release|x64.ActiveCfg = Release|x64
		{B8DAF361-DC87-4F03-BC74-773F51A6E840}.Release|x64.Build.0 = Release|x64
		{B8DAF361-DC87-4F03-BC74-773F51A6E840}.Release|x86.ActiveCfg = Release|Win32
		{B8DAF361-DC87-4F03-BC74-773F51A6E840}.Release|x86.Build.0 = Release|Win32
		{F8308A94-483D-42D3-987B-25B864A01848}.Debug|x64.ActiveCfg = Debug|x64
		{F8308A94-483D-42D3-987B-25B864A01848}.Debug|x64.Build.0 = Debug|x64
		{F8308A94-483D-42D3-987B-25B864A01848}.Debug|x86.ActiveCfg = Debug|Win32
		{F8308A94-483D-42D3-987B-25B864A01848}.Debug|x86.Build.0 = Debug|Win32
		{F8308A94-483D-42D3-987B-25B864A01848}.Release|x64.ActiveCfg = Release|x64
		{F8308A94-483D-42D3-987B-25B864A01848}.Release|x64.Build.0 = Release|x64
		{F8308A94-483D-42D3-987B-25B864A01848}.Release|x86.ActiveCfg = Release|Win32
		{F8308A94-483D-42D3-987B-25B864A01848}.Release|x86.Build.0 = Release|Win32
		{9B22716C-9B5D-400B-A8D6-2465281C6670}.Debug|x64.ActiveCfg = Debug|x64
		{9B22716C-9B5D-400B-A8D6-2465281C6670}.Debug|x64.Build.0 = Debug|x64
		{9B22716C-9B5D-400B-A8D6-2465281C6670}.Debug|x86.ActiveCfg = Debug|Win32
		{9B22716C-9B5D-400B-A8D6-2465281C6670}.Debug|x86.Build.0 = Debug|Win32
		{9B22716C-9B5D-400B-A8D6-2465281C6670}.Release|x64.ActiveCfg = Release|x64
		{9B22716C-9B5D-400B-A8D6-2465281C6670}.Release|x64.Build.0 = Release|x64
		{9B22716C-9B5D-400B-A8D6-2465281C6670}.Release|x86.ActiveCfg = Release|Win32
		{9B22716C-9B5D-400B-A8D6-2465281C6670}.Release|x86.Build.0 = Release|Win32
		{196B0E6E-849A-4DDF-868A-897E2BF7815B}.Debug|x64.ActiveCfg = Debug|x64
		{196B0E6E-849A-4DDF-868A-897E2BF7815B}.Debug|x64.Build.0 = Debug|x64
		{196B0E6E-849A-4DDF-868A-897E2BF7815B}.Debug|x86.ActiveCfg = Debug|Win32
		{196B0E6E-849A-4DDF-868A-897E2BF7815B}.Debug|x86.Build.0 = Debug|Win32
		{196B0E6E-849A-4DDF-868A-897E2BF7815B}.Release|x64.ActiveCfg = Release|x64
		{196B0E6E-849A-4DDF-868A-897E2BF7815B}.Release|x64.Build.0 = Release|x64
		{196B0E6E-849A-4DDF-868A-897E2BF7815B}.Release|x86.ActiveCfg = Release|Win32
		{196B0E6E-849A-4DDF-868A-897E2BF7815B}.Release|x86.Build.0 = Release|Win32
		{CC38D3FC-44AF-4FC1-A090-02CB1CE0C71E}.Debug|x64.ActiveCfg = Debug|x64
		{CC38D3FC-44AF-4FC1-A090-02CB1CE0C71E}.Debug|x64.Build.0 = Debug|x64
		{CC38D3FC-44AF-4FC1-A090-02CB1CE0C71E}.Debug|x86.ActiveCfg = Debug|Win32
		{CC38D3FC-44AF-4FC1-A090-02CB1CE0C71E}.Debug|x86.Build.0 = Debug|Win32
		{CC38D3FC-44AF-4FC1-A090-02CB1CE0C71E}.Release|x64.ActiveCfg = Release|x64
		{CC38D3FC-44AF-4FC1-A090-02CB1CE0C71E}.Release|x64.Build.0 = Release|x64
		{CC38D3FC-44AF-4FC1-A090-02CB1CE0C71E}.Release|x86.ActiveCfg = Release|Win32
		{CC38D3FC-44AF-4FC1-A090-02CB1CE0C71E}.Release|x86.Build.0 = Release|Win32
	EndGlobalSection
	GlobalSection(SolutionProperties) = preSolution
		HideSolutionNode = FALSE
	EndGlobalSection
	GlobalSection(ExtensibilityGlobals) = postSolution
		SolutionGuid = {2D4F6784-E727-44A2-AE5F-E19F66BC1378}
	EndGlobalSection
EndGlobal
